{
  "version": 4,
  "terraform_version": "1.4.2",
  "serial": 12,
  "lineage": "3c1617fb-107d-f403-448a-849c5ac72da5",
  "outputs": {},
  "resources": [
    {
      "mode": "managed",
      "type": "google_cloudfunctions_function",
      "name": "cloudFunction",
      "provider": "provider[\"registry.terraform.io/hashicorp/google\"]",
      "instances": [
        {
          "status": "tainted",
          "schema_version": 0,
          "attributes": {
            "available_memory_mb": 256,
            "build_environment_variables": null,
            "build_worker_pool": null,
            "description": null,
            "docker_registry": null,
            "docker_repository": null,
            "entry_point": null,
            "environment_variables": null,
            "event_trigger": null,
            "https_trigger_security_level": "SECURE_ALWAYS",
            "https_trigger_url": null,
            "id": "projects/discord-voiceassistant/locations/us-central1/functions/TestCloudFunction",
            "ingress_settings": "ALLOW_ALL",
            "kms_key_name": null,
            "labels": null,
            "max_instances": 0,
            "min_instances": null,
            "name": "TestCloudFunction",
            "project": null,
            "region": null,
            "runtime": "go120",
            "secret_environment_variables": [],
            "secret_volumes": [],
            "service_account_email": null,
            "source_archive_bucket": null,
            "source_archive_object": null,
            "source_repository": [
              {
                "deployed_url": "",
                "url": "https://source.developers.google.com/projects/discord-voiceassistant/repos/discord-voice-assistant/moveable-aliases/main/paths/"
              }
            ],
            "timeout": 60,
            "timeouts": null,
            "trigger_http": true,
            "vpc_connector": null,
            "vpc_connector_egress_settings": null
          },
          "sensitive_attributes": [],
          "private": "eyJlMmJmYjczMC1lY2FhLTExZTYtOGY4OC0zNDM2M2JjN2M0YzAiOnsiY3JlYXRlIjozMDAwMDAwMDAwMDAsImRlbGV0ZSI6MzAwMDAwMDAwMDAwLCJyZWFkIjozMDAwMDAwMDAwMDAsInVwZGF0ZSI6MzAwMDAwMDAwMDAwfX0="
        }
      ]
    }
  ],
  "check_results": null
}
